
Microsoft Visual Studio Solution File, Format Version 12.00
Project("{FAE04EC0-301F-11D3-BF4B-00C04F79EFBC}") = "NuOrderApi.Model", "NuOrderApi.Model\NuOrderApi.Model.csproj", "{2344EE48-D273-459B-B985-0BEB21ED0535}"
EndProject
Global
	GlobalSection(SolutionConfigurationPlatforms) = preSolution
		Debug|Any CPU = Debug|Any CPU
		Release|Any CPU = Release|Any CPU
	EndGlobalSection
	GlobalSection(ProjectConfigurationPlatforms) = postSolution
		{2344EE48-D273-459B-B985-0BEB21ED0535}.Debug|Any CPU.ActiveCfg = Debug|Any CPU
		{2344EE48-D273-459B-B985-0BEB21ED0535}.Debug|Any CPU.Build.0 = Debug|Any CPU
		{2344EE48-D273-459B-B985-0BEB21ED0535}.Release|Any CPU.ActiveCfg = Release|Any CPU
		{2344EE48-D273-459B-B985-0BEB21ED0535}.Release|Any CPU.Build.0 = Release|Any CPU
	EndGlobalSection
EndGlobal
